
Microsoft Visual Studio Solution File, Format Version 12.00
# Visual Studio Version 17
VisualStudioVersion = 17.0.31903.59
MinimumVisualStudioVersion = 10.0.40219.1
Project("{FAE04EC0-301F-11D3-BF4B-00C04F79EFBC}") = "Application", "Application\Application.csproj", "{AC8CD303-93AF-4BCC-993A-4E8EBC0DC40C}"
EndProject
Project("{FAE04EC0-301F-11D3-BF4B-00C04F79EFBC}") = "Domain", "Domain\Domain.csproj", "{66AD702A-6978-4B49-B36A-58128656960B}"
EndProject
Global
	GlobalSection(SolutionConfigurationPlatforms) = preSolution
		Debug|Any CPU = Debug|Any CPU
		Release|Any CPU = Release|Any CPU
	EndGlobalSection
	GlobalSection(SolutionProperties) = preSolution
		HideSolutionNode = FALSE
	EndGlobalSection
	GlobalSection(ProjectConfigurationPlatforms) = postSolution
		{AC8CD303-93AF-4BCC-993A-4E8EBC0DC40C}.Debug|Any CPU.ActiveCfg = Debug|Any CPU
		{AC8CD303-93AF-4BCC-993A-4E8EBC0DC40C}.Debug|Any CPU.Build.0 = Debug|Any CPU
		{AC8CD303-93AF-4BCC-993A-4E8EBC0DC40C}.Release|Any CPU.ActiveCfg = Release|Any CPU
		{AC8CD303-93AF-4BCC-993A-4E8EBC0DC40C}.Release|Any CPU.Build.0 = Release|Any CPU
		{66AD702A-6978-4B49-B36A-58128656960B}.Debug|Any CPU.ActiveCfg = Debug|Any CPU
		{66AD702A-6978-4B49-B36A-58128656960B}.Debug|Any CPU.Build.0 = Debug|Any CPU
		{66AD702A-6978-4B49-B36A-58128656960B}.Release|Any CPU.ActiveCfg = Release|Any CPU
		{66AD702A-6978-4B49-B36A-58128656960B}.Release|Any CPU.Build.0 = Release|Any CPU
	EndGlobalSection
EndGlobal
